
Microsoft Visual Studio Solution File, Format Version 12.00
# Visual Studio Version 17
VisualStudioVersion = 17.2.32630.192
MinimumVisualStudioVersion = 10.0.40219.1
Project("{9A19103F-16F7-4668-BE54-9A1E7A4F7556}") = "SipaaKernel", "SipaaKernel\SipaaKernel.csproj", "{9177E2C2-6016-4BA9-ABE7-B22C48E76D6C}"
EndProject
Project("{9A19103F-16F7-4668-BE54-9A1E7A4F7556}") = "SipaaKernel.Graphics", "SipaaKernel.Graphics\SipaaKernel.Graphics.csproj", "{367F1227-76D6-4F23-8B10-3161ECD2EFFF}"
EndProject
Project("{9A19103F-16F7-4668-BE54-9A1E7A4F7556}") = "SipaaKernel.UI", "SipaaKernel.UI\SipaaKernel.UI.csproj", "{103994F8-C715-4F9C-9E70-6EBAD51244E5}"
EndProject
Project("{9A19103F-16F7-4668-BE54-9A1E7A4F7556}") = "TestKernel", "TestKernel\TestKernel.csproj", "{96945666-EA32-4173-B4BC-BDD6706E6934}"
EndProject
Project("{FAE04EC0-301F-11D3-BF4B-00C04F79EFBC}") = "SipaaKernel.Core", "SipaaKernel.Core\SipaaKernel.Core.csproj", "{514D53D6-1426-472B-8600-877C568C7C18}"
EndProject
Global
	GlobalSection(SolutionConfigurationPlatforms) = preSolution
		Debug|Any CPU = Debug|Any CPU
		Release|Any CPU = Release|Any CPU
	EndGlobalSection
	GlobalSection(ProjectConfigurationPlatforms) = postSolution
		{9177E2C2-6016-4BA9-ABE7-B22C48E76D6C}.Debug|Any CPU.ActiveCfg = Debug|Any CPU
		{9177E2C2-6016-4BA9-ABE7-B22C48E76D6C}.Debug|Any CPU.Build.0 = Debug|Any CPU
		{9177E2C2-6016-4BA9-ABE7-B22C48E76D6C}.Release|Any CPU.ActiveCfg = Release|Any CPU
		{9177E2C2-6016-4BA9-ABE7-B22C48E76D6C}.Release|Any CPU.Build.0 = Release|Any CPU
		{367F1227-76D6-4F23-8B10-3161ECD2EFFF}.Debug|Any CPU.ActiveCfg = Debug|Any CPU
		{367F1227-76D6-4F23-8B10-3161ECD2EFFF}.Debug|Any CPU.Build.0 = Debug|Any CPU
		{367F1227-76D6-4F23-8B10-3161ECD2EFFF}.Release|Any CPU.ActiveCfg = Release|Any CPU
		{367F1227-76D6-4F23-8B10-3161ECD2EFFF}.Release|Any CPU.Build.0 = Release|Any CPU
		{103994F8-C715-4F9C-9E70-6EBAD51244E5}.Debug|Any CPU.ActiveCfg = Debug|Any CPU
		{103994F8-C715-4F9C-9E70-6EBAD51244E5}.Debug|Any CPU.Build.0 = Debug|Any CPU
		{103994F8-C715-4F9C-9E70-6EBAD51244E5}.Release|Any CPU.ActiveCfg = Release|Any CPU
		{103994F8-C715-4F9C-9E70-6EBAD51244E5}.Release|Any CPU.Build.0 = Release|Any CPU
		{96945666-EA32-4173-B4BC-BDD6706E6934}.Debug|Any CPU.ActiveCfg = Debug|Any CPU
		{96945666-EA32-4173-B4BC-BDD6706E6934}.Debug|Any CPU.Build.0 = Debug|Any CPU
		{96945666-EA32-4173-B4BC-BDD6706E6934}.Release|Any CPU.ActiveCfg = Release|Any CPU
		{96945666-EA32-4173-B4BC-BDD6706E6934}.Release|Any CPU.Build.0 = Release|Any CPU
		{514D53D6-1426-472B-8600-877C568C7C18}.Debug|Any CPU.ActiveCfg = Debug|Any CPU
		{514D53D6-1426-472B-8600-877C568C7C18}.Debug|Any CPU.Build.0 = Debug|Any CPU
		{514D53D6-1426-472B-8600-877C568C7C18}.Release|Any CPU.ActiveCfg = Release|Any CPU
		{514D53D6-1426-472B-8600-877C568C7C18}.Release|Any CPU.Build.0 = Release|Any CPU
	EndGlobalSection
	GlobalSection(SolutionProperties) = preSolution
		HideSolutionNode = FALSE
	EndGlobalSection
	GlobalSection(ExtensibilityGlobals) = postSolution
		SolutionGuid = {D5F8DDD0-207E-4914-A1AE-28F80211CCC5}
	EndGlobalSection
EndGlobal
